// !$*UTF8*$!
{
	archiveVersion = 1;
	classes = {
	};
	objectVersion = 50;
	objects = {

/* Begin PBXBuildFile section */
		1515E4302493F6FE00C96BD1 /* AppDelegate.swift in Sources */ = {isa = PBXBuildFile; fileRef = 1515E42F2493F6FE00C96BD1 /* AppDelegate.swift */; };
		1515E4322493F6FE00C96BD1 /* GameScene.sks in Resources */ = {isa = PBXBuildFile; fileRef = 1515E4312493F6FE00C96BD1 /* GameScene.sks */; };
		1515E4362493F6FE00C96BD1 /* GameScene.swift in Sources */ = {isa = PBXBuildFile; fileRef = 1515E4352493F6FE00C96BD1 /* GameScene.swift */; };
		1515E4382493F6FE00C96BD1 /* GameViewController.swift in Sources */ = {isa = PBXBuildFile; fileRef = 1515E4372493F6FE00C96BD1 /* GameViewController.swift */; };
		1515E43B2493F6FE00C96BD1 /* Main.storyboard in Resources */ = {isa = PBXBuildFile; fileRef = 1515E4392493F6FE00C96BD1 /* Main.storyboard */; };
		1515E43D2493F70700C96BD1 /* Assets.xcassets in Resources */ = {isa = PBXBuildFile; fileRef = 1515E43C2493F70700C96BD1 /* Assets.xcassets */; };
		1515E4402493F70700C96BD1 /* LaunchScreen.storyboard in Resources */ = {isa = PBXBuildFile; fileRef = 1515E43E2493F70700C96BD1 /* LaunchScreen.storyboard */; };
		1515E44D2493FAE700C96BD1 /* mrreow.mp3 in Resources */ = {isa = PBXBuildFile; fileRef = 1515E4482493FAE700C96BD1 /* mrreow.mp3 */; };
		1515E44E2493FAE700C96BD1 /* pop.mp3 in Resources */ = {isa = PBXBuildFile; fileRef = 1515E4492493FAE700C96BD1 /* pop.mp3 */; };
		1515E44F2493FAE700C96BD1 /* win.mp3 in Resources */ = {isa = PBXBuildFile; fileRef = 1515E44A2493FAE700C96BD1 /* win.mp3 */; };
		1515E4502493FAE700C96BD1 /* lose.mp3 in Resources */ = {isa = PBXBuildFile; fileRef = 1515E44B2493FAE700C96BD1 /* lose.mp3 */; };
		1515E4512493FAE700C96BD1 /* backgroundMusic.mp3 in Resources */ = {isa = PBXBuildFile; fileRef = 1515E44C2493FAE700C96BD1 /* backgroundMusic.mp3 */; };
		1515E4542499E72A00C96BD1 /* Cat.sks in Resources */ = {isa = PBXBuildFile; fileRef = 1515E4532499E72A00C96BD1 /* Cat.sks */; };
		158E3BF924A0255F00864FB9 /* CatCurl.sks in Resources */ = {isa = PBXBuildFile; fileRef = 158E3BF824A0255F00864FB9 /* CatCurl.sks */; };
/* End PBXBuildFile section */

/* Begin PBXFileReference section */
		1515E42C2493F6FE00C96BD1 /* CatNap.app */ = {isa = PBXFileReference; explicitFileType = wrapper.application; includeInIndex = 0; path = CatNap.app; sourceTree = BUILT_PRODUCTS_DIR; };
		1515E42F2493F6FE00C96BD1 /* AppDelegate.swift */ = {isa = PBXFileReference; lastKnownFileType = sourcecode.swift; path = AppDelegate.swift; sourceTree = "<group>"; };
		1515E4312493F6FE00C96BD1 /* GameScene.sks */ = {isa = PBXFileReference; lastKnownFileType = file.sks; path = GameScene.sks; sourceTree = "<group>"; };
		1515E4352493F6FE00C96BD1 /* GameScene.swift */ = {isa = PBXFileReference; lastKnownFileType = sourcecode.swift; path = GameScene.swift; sourceTree = "<group>"; };
		1515E4372493F6FE00C96BD1 /* GameViewController.swift */ = {isa = PBXFileReference; lastKnownFileType = sourcecode.swift; path = GameViewController.swift; sourceTree = "<group>"; };
		1515E43A2493F6FE00C96BD1 /* Base */ = {isa = PBXFileReference; lastKnownFileType = file.storyboard; name = Base; path = Base.lproj/Main.storyboard; sourceTree = "<group>"; };
		1515E43C2493F70700C96BD1 /* Assets.xcassets */ = {isa = PBXFileReference; lastKnownFileType = folder.assetcatalog; path = Assets.xcassets; sourceTree = "<group>"; };
		1515E43F2493F70700C96BD1 /* Base */ = {isa = PBXFileReference; lastKnownFileType = file.storyboard; name = Base; path = Base.lproj/LaunchScreen.storyboard; sourceTree = "<group>"; };
		1515E4412493F70700C96BD1 /* Info.plist */ = {isa = PBXFileReference; lastKnownFileType = text.plist.xml; path = Info.plist; sourceTree = "<group>"; };
		1515E4482493FAE700C96BD1 /* mrreow.mp3 */ = {isa = PBXFileReference; lastKnownFileType = audio.mp3; path = mrreow.mp3; sourceTree = "<group>"; };
		1515E4492493FAE700C96BD1 /* pop.mp3 */ = {isa = PBXFileReference; lastKnownFileType = audio.mp3; path = pop.mp3; sourceTree = "<group>"; };
		1515E44A2493FAE700C96BD1 /* win.mp3 */ = {isa = PBXFileReference; lastKnownFileType = audio.mp3; path = win.mp3; sourceTree = "<group>"; };
		1515E44B2493FAE700C96BD1 /* lose.mp3 */ = {isa = PBXFileReference; lastKnownFileType = audio.mp3; path = lose.mp3; sourceTree = "<group>"; };
		1515E44C2493FAE700C96BD1 /* backgroundMusic.mp3 */ = {isa = PBXFileReference; lastKnownFileType = audio.mp3; path = backgroundMusic.mp3; sourceTree = "<group>"; };
		1515E4532499E72A00C96BD1 /* Cat.sks */ = {isa = PBXFileReference; lastKnownFileType = file.sks; path = Cat.sks; sourceTree = "<group>"; };
		158E3BF824A0255F00864FB9 /* CatCurl.sks */ = {isa = PBXFileReference; lastKnownFileType = file.sks; path = CatCurl.sks; sourceTree = "<group>"; };
/* End PBXFileReference section */

/* Begin PBXFrameworksBuildPhase section */
		1515E4292493F6FD00C96BD1 /* Frameworks */ = {
			isa = PBXFrameworksBuildPhase;
			buildActionMask = 2147483647;
			files = (
			);
			runOnlyForDeploymentPostprocessing = 0;
		};
/* End PBXFrameworksBuildPhase section */

/* Begin PBXGroup section */
		1515E4232493F6FD00C96BD1 = {
			isa = PBXGroup;
			children = (
				1515E42E2493F6FE00C96BD1 /* CatNap */,
				1515E42D2493F6FE00C96BD1 /* Products */,
			);
			sourceTree = "<group>";
		};
		1515E42D2493F6FE00C96BD1 /* Products */ = {
			isa = PBXGroup;
			children = (
				1515E42C2493F6FE00C96BD1 /* CatNap.app */,
			);
			name = Products;
			sourceTree = "<group>";
		};
		1515E42E2493F6FE00C96BD1 /* CatNap */ = {
			isa = PBXGroup;
			children = (
				1515E4522499E6C700C96BD1 /* Scenes */,
				1515E4472493FAE700C96BD1 /* Sounds */,
				1515E42F2493F6FE00C96BD1 /* AppDelegate.swift */,
				1515E4372493F6FE00C96BD1 /* GameViewController.swift */,
				1515E4352493F6FE00C96BD1 /* GameScene.swift */,
				1515E4392493F6FE00C96BD1 /* Main.storyboard */,
				1515E43C2493F70700C96BD1 /* Assets.xcassets */,
				1515E43E2493F70700C96BD1 /* LaunchScreen.storyboard */,
				1515E4412493F70700C96BD1 /* Info.plist */,
			);
			path = CatNap;
			sourceTree = "<group>";
		};
		1515E4472493FAE700C96BD1 /* Sounds */ = {
			isa = PBXGroup;
			children = (
				1515E4482493FAE700C96BD1 /* mrreow.mp3 */,
				1515E4492493FAE700C96BD1 /* pop.mp3 */,
				1515E44A2493FAE700C96BD1 /* win.mp3 */,
				1515E44B2493FAE700C96BD1 /* lose.mp3 */,
				1515E44C2493FAE700C96BD1 /* backgroundMusic.mp3 */,
			);
			name = Sounds;
			path = ../../../starter/Resources/Sounds;
			sourceTree = "<group>";
		};
		1515E4522499E6C700C96BD1 /* Scenes */ = {
			isa = PBXGroup;
			children = (
				1515E4532499E72A00C96BD1 /* Cat.sks */,
				1515E4312493F6FE00C96BD1 /* GameScene.sks */,
				158E3BF824A0255F00864FB9 /* CatCurl.sks */,
			);
			path = Scenes;
			sourceTree = "<group>";
		};
/* End PBXGroup section */

/* Begin PBXNativeTarget section */
		1515E42B2493F6FD00C96BD1 /* CatNap */ = {
			isa = PBXNativeTarget;
			buildConfigurationList = 1515E4442493F70700C96BD1 /* Build configuration list for PBXNativeTarget "CatNap" */;
			buildPhases = (
				1515E4282493F6FD00C96BD1 /* Sources */,
				1515E4292493F6FD00C96BD1 /* Frameworks */,
				1515E42A2493F6FD00C96BD1 /* Resources */,
			);
			buildRules = (
			);
			dependencies = (
			);
			name = CatNap;
			productName = CatNap;
			productReference = 1515E42C2493F6FE00C96BD1 /* CatNap.app */;
			productType = "com.apple.product-type.application";
		};
/* End PBXNativeTarget section */

/* Begin PBXProject section */
		1515E4242493F6FD00C96BD1 /* Project object */ = {
			isa = PBXProject;
			attributes = {
				LastSwiftUpdateCheck = 1150;
				LastUpgradeCheck = 1150;
				ORGANIZATIONNAME = "Qalang Corporation";
				TargetAttributes = {
					1515E42B2493F6FD00C96BD1 = {
						CreatedOnToolsVersion = 11.5;
					};
				};
			};
			buildConfigurationList = 1515E4272493F6FD00C96BD1 /* Build configuration list for PBXProject "CatNap" */;
			compatibilityVersion = "Xcode 9.3";
			developmentRegion = en;
			hasScannedForEncodings = 0;
			knownRegions = (
				en,
				Base,
			);
			mainGroup = 1515E4232493F6FD00C96BD1;
			productRefGroup = 1515E42D2493F6FE00C96BD1 /* Products */;
			projectDirPath = "";
			projectRoot = "";
			targets = (
				1515E42B2493F6FD00C96BD1 /* CatNap */,
			);
		};
/* End PBXProject section */

/* Begin PBXResourcesBuildPhase section */
		1515E42A2493F6FD00C96BD1 /* Resources */ = {
			isa = PBXResourcesBuildPhase;
			buildActionMask = 2147483647;
			files = (
				1515E43B2493F6FE00C96BD1 /* Main.storyboard in Resources */,
				158E3BF924A0255F00864FB9 /* CatCurl.sks in Resources */,
				1515E4322493F6FE00C96BD1 /* GameScene.sks in Resources */,
				1515E4502493FAE700C96BD1 /* lose.mp3 in Resources */,
				1515E43D2493F70700C96BD1 /* Assets.xcassets in Resources */,
				1515E44F2493FAE700C96BD1 /* win.mp3 in Resources */,
				1515E4402493F70700C96BD1 /* LaunchScreen.storyboard in Resources */,
				1515E44D2493FAE700C96BD1 /* mrreow.mp3 in Resources */,
				1515E44E2493FAE700C96BD1 /* pop.mp3 in Resources */,
				1515E4512493FAE700C96BD1 /* backgroundMusic.mp3 in Resources */,
				1515E4542499E72A00C96BD1 /* Cat.sks in Resources */,
			);
			runOnlyForDeploymentPostprocessing = 0;
		};
/* End PBXResourcesBuildPhase section */

/* Begin PBXSourcesBuildPhase section */
		1515E4282493F6FD00C96BD1 /* Sources */ = {
			isa = PBXSourcesBuildPhase;
			buildActionMask = 2147483647;
			files = (
				1515E4362493F6FE00C96BD1 /* GameScene.swift in Sources */,
				1515E4382493F6FE00C96BD1 /* GameViewController.swift in Sources */,
				1515E4302493F6FE00C96BD1 /* AppDelegate.swift in Sources */,
			);
			runOnlyForDeploymentPostprocessing = 0;
		};
/* End PBXSourcesBuildPhase section */

/* Begin PBXVariantGroup section */
		1515E4392493F6FE00C96BD1 /* Main.storyboard */ = {
			isa = PBXVariantGroup;
			children = (
				1515E43A2493F6FE00C96BD1 /* Base */,
			);
			name = Main.storyboard;
			sourceTree = "<group>";
		};
		1515E43E2493F70700C96BD1 /* LaunchScreen.storyboard */ = {
			isa = PBXVariantGroup;
			children = (
				1515E43F2493F70700C96BD1 /* Base */,
			);
			name = LaunchScreen.storyboard;
			sourceTree = "<group>";
		};
/* End PBXVariantGroup section */

/* Begin XCBuildConfiguration section */
		1515E4422493F70700C96BD1 /* Debug */ = {
			isa = XCBuildConfiguration;
			buildSettings = {
				ALWAYS_SEARCH_USER_PATHS = NO;
				CLANG_ANALYZER_NONNULL = YES;
				CLANG_ANALYZER_NUMBER_OBJECT_CONVERSION = YES_AGGRESSIVE;
				CLANG_CXX_LANGUAGE_STANDARD = "gnu++14";
				CLANG_CXX_LIBRARY = "libc++";
				CLANG_ENABLE_MODULES = YES;
				CLANG_ENABLE_OBJC_ARC = YES;
				CLANG_ENABLE_OBJC_WEAK = YES;
				CLANG_WARN_BLOCK_CAPTURE_AUTORELEASING = YES;
				CLANG_WARN_BOOL_CONVERSION = YES;
				CLANG_WARN_COMMA = YES;
				CLANG_WARN_CONSTANT_CONVERSION = YES;
				CLANG_WARN_DEPRECATED_OBJC_IMPLEMENTATIONS = YES;
				CLANG_WARN_DIRECT_OBJC_ISA_USAGE = YES_ERROR;
				CLANG_WARN_DOCUMENTATION_COMMENTS = YES;
				CLANG_WARN_EMPTY_BODY = YES;
				CLANG_WARN_ENUM_CONVERSION = YES;
				CLANG_WARN_INFINITE_RECURSION = YES;
				CLANG_WARN_INT_CONVERSION = YES;
				CLANG_WARN_NON_LITERAL_NULL_CONVERSION = YES;
				CLANG_WARN_OBJC_IMPLICIT_RETAIN_SELF = YES;
				CLANG_WARN_OBJC_LITERAL_CONVERSION = YES;
				CLANG_WARN_OBJC_ROOT_CLASS = YES_ERROR;
				CLANG_WARN_RANGE_LOOP_ANALYSIS = YES;
				CLANG_WARN_STRICT_PROTOTYPES = YES;
				CLANG_WARN_SUSPICIOUS_MOVE = YES;
				CLANG_WARN_UNGUARDED_AVAILABILITY = YES_AGGRESSIVE;
				CLANG_WARN_UNREACHABLE_CODE = YES;
				CLANG_WARN__DUPLICATE_METHOD_MATCH = YES;
				COPY_PHASE_STRIP = NO;
				DEBUG_INFORMATION_FORMAT = dwarf;
				ENABLE_STRICT_OBJC_MSGSEND = YES;
				ENABLE_TESTABILITY = YES;
				GCC_C_LANGUAGE_STANDARD = gnu11;
				GCC_DYNAMIC_NO_PIC = NO;
				GCC_NO_COMMON_BLOCKS = YES;
				GCC_OPTIMIZATION_LEVEL = 0;
				GCC_PREPROCESSOR_DEFINITIONS = (
					"DEBUG=1",
					"$(inherited)",
				);
				GCC_WARN_64_TO_32_BIT_CONVERSION = YES;
				GCC_WARN_ABOUT_RETURN_TYPE = YES_ERROR;
				GCC_WARN_UNDECLARED_SELECTOR = YES;
				GCC_WARN_UNINITIALIZED_AUTOS = YES_AGGRESSIVE;
				GCC_WARN_UNUSED_FUNCTION = YES;
				GCC_WARN_UNUSED_VARIABLE = YES;
				IPHONEOS_DEPLOYMENT_TARGET = 13.5;
				MTL_ENABLE_DEBUG_INFO = INCLUDE_SOURCE;
				MTL_FAST_MATH = YES;
				ONLY_ACTIVE_ARCH = YES;
				SDKROOT = iphoneos;
				SWIFT_ACTIVE_COMPILATION_CONDITIONS = DEBUG;
				SWIFT_OPTIMIZATION_LEVEL = "-Onone";
			};
			name = Debug;
		};
		1515E4432493F70700C96BD1 /* Release */ = {
			isa = XCBuildConfiguration;
			buildSettings = {
				ALWAYS_SEARCH_USER_PATHS = NO;
				CLANG_ANALYZER_NONNULL = YES;
				CLANG_ANALYZER_NUMBER_OBJECT_CONVERSION = YES_AGGRESSIVE;
				CLANG_CXX_LANGUAGE_STANDARD = "gnu++14";
				CLANG_CXX_LIBRARY = "libc++";
				CLANG_ENABLE_MODULES = YES;
				CLANG_ENABLE_OBJC_ARC = YES;
				CLANG_ENABLE_OBJC_WEAK = YES;
				CLANG_WARN_BLOCK_CAPTURE_AUTORELEASING = YES;
				CLANG_WARN_BOOL_CONVERSION = YES;
				CLANG_WARN_COMMA = YES;
				CLANG_WARN_CONSTANT_CONVERSION = YES;
				CLANG_WARN_DEPRECATED_OBJC_IMPLEMENTATIONS = YES;
				CLANG_WARN_DIRECT_OBJC_ISA_USAGE = YES_ERROR;
				CLANG_WARN_DOCUMENTATION_COMMENTS = YES;
				CLANG_WARN_EMPTY_BODY = YES;
				CLANG_WARN_ENUM_CONVERSION = YES;
				CLANG_WARN_INFINITE_RECURSION = YES;
				CLANG_WARN_INT_CONVERSION = YES;
				CLANG_WARN_NON_LITERAL_NULL_CONVERSION = YES;
				CLANG_WARN_OBJC_IMPLICIT_RETAIN_SELF = YES;
				CLANG_WARN_OBJC_LITERAL_CONVERSION = YES;
				CLANG_WARN_OBJC_ROOT_CLASS = YES_ERROR;
				CLANG_WARN_RANGE_LOOP_ANALYSIS = YES;
				CLANG_WARN_STRICT_PROTOTYPES = YES;
				CLANG_WARN_SUSPICIOUS_MOVE = YES;
				CLANG_WARN_UNGUARDED_AVAILABILITY = YES_AGGRESSIVE;
				CLANG_WARN_UNREACHABLE_CODE = YES;
				CLANG_WARN__DUPLICATE_METHOD_MATCH = YES;
				COPY_PHASE_STRIP = NO;
				DEBUG_INFORMATION_FORMAT = "dwarf-with-dsym";
				ENABLE_NS_ASSERTIONS = NO;
				ENABLE_STRICT_OBJC_MSGSEND = YES;
				GCC_C_LANGUAGE_STANDARD = gnu11;
				GCC_NO_COMMON_BLOCKS = YES;
				GCC_WARN_64_TO_32_BIT_CONVERSION = YES;
				GCC_WARN_ABOUT_RETURN_TYPE = YES_ERROR;
				GCC_WARN_UNDECLARED_SELECTOR = YES;
				GCC_WARN_UNINITIALIZED_AUTOS = YES_AGGRESSIVE;
				GCC_WARN_UNUSED_FUNCTION = YES;
				GCC_WARN_UNUSED_VARIABLE = YES;
				IPHONEOS_DEPLOYMENT_TARGET = 13.5;
				MTL_ENABLE_DEBUG_INFO = NO;
				MTL_FAST_MATH = YES;
				SDKROOT = iphoneos;
				SWIFT_COMPILATION_MODE = wholemodule;
				SWIFT_OPTIMIZATION_LEVEL = "-O";
				VALIDATE_PRODUCT = YES;
			};
			name = Release;
		};
		1515E4452493F70700C96BD1 /* Debug */ = {
			isa = XCBuildConfiguration;
			buildSettings = {
				ASSETCATALOG_COMPILER_APPICON_NAME = AppIcon;
				CODE_SIGN_STYLE = Automatic;
				DEVELOPMENT_TEAM = LAGG8K2H98;
				INFOPLIST_FILE = CatNap/Info.plist;
				LD_RUNPATH_SEARCH_PATHS = (
					"$(inherited)",
					"@executable_path/Frameworks",
				);
				PRODUCT_BUNDLE_IDENTIFIER = com.qalang.CatNap;
				PRODUCT_NAME = "$(TARGET_NAME)";
				SWIFT_VERSION = 5.0;
				TARGETED_DEVICE_FAMILY = "1,2";
			};
			name = Debug;
		};
		1515E4462493F70700C96BD1 /* Release */ = {
			isa = XCBuildConfiguration;
			buildSettings = {
				ASSETCATALOG_COMPILER_APPICON_NAME = AppIcon;
				CODE_SIGN_STYLE = Automatic;
				DEVELOPMENT_TEAM = LAGG8K2H98;
				INFOPLIST_FILE = CatNap/Info.plist;
				LD_RUNPATH_SEARCH_PATHS = (
					"$(inherited)",
					"@executable_path/Frameworks",
				);
				PRODUCT_BUNDLE_IDENTIFIER = com.qalang.CatNap;
				PRODUCT_NAME = "$(TARGET_NAME)";
				SWIFT_VERSION = 5.0;
				TARGETED_DEVICE_FAMILY = "1,2";
			};
			name = Release;
		};
/* End XCBuildConfiguration section */

/* Begin XCConfigurationList section */
		1515E4272493F6FD00C96BD1 /* Build configuration list for PBXProject "CatNap" */ = {
			isa = XCConfigurationList;
			buildConfigurations = (
				1515E4422493F70700C96BD1 /* Debug */,
				1515E4432493F70700C96BD1 /* Release */,
			);
			defaultConfigurationIsVisible = 0;
			defaultConfigurationName = Release;
		};
		1515E4442493F70700C96BD1 /* Build configuration list for PBXNativeTarget "CatNap" */ = {
			isa = XCConfigurationList;
			buildConfigurations = (
				1515E4452493F70700C96BD1 /* Debug */,
				1515E4462493F70700C96BD1 /* Release */,
			);
			defaultConfigurationIsVisible = 0;
			defaultConfigurationName = Release;
		};
/* End XCConfigurationList section */
	};
	rootObject = 1515E4242493F6FD00C96BD1 /* Project object */;
}
